// !$*UTF8*$!
{
	archiveVersion = 1;
	classes = {
	};
	objectVersion = 56;
	objects = {

/* Begin PBXBuildFile section */
		11165CC32ACD38150095BFA2 /* AppDelegate.swift in Sources */ = {isa = PBXBuildFile; fileRef = 11165CC22ACD38150095BFA2 /* AppDelegate.swift */; };
		11165CC52ACD38150095BFA2 /* SceneDelegate.swift in Sources */ = {isa = PBXBuildFile; fileRef = 11165CC42ACD38150095BFA2 /* SceneDelegate.swift */; };
		11165CC72ACD38150095BFA2 /* HomeViewController.swift in Sources */ = {isa = PBXBuildFile; fileRef = 11165CC62ACD38150095BFA2 /* HomeViewController.swift */; };
		11165CCA2ACD38150095BFA2 /* Main.storyboard in Resources */ = {isa = PBXBuildFile; fileRef = 11165CC82ACD38150095BFA2 /* Main.storyboard */; };
		11165CCC2ACD38160095BFA2 /* Assets.xcassets in Resources */ = {isa = PBXBuildFile; fileRef = 11165CCB2ACD38160095BFA2 /* Assets.xcassets */; };
		11165CCF2ACD38160095BFA2 /* LaunchScreen.storyboard in Resources */ = {isa = PBXBuildFile; fileRef = 11165CCD2ACD38160095BFA2 /* LaunchScreen.storyboard */; };
		11165CDD2ACD39B00095BFA2 /* APIService.swift in Sources */ = {isa = PBXBuildFile; fileRef = 11165CDC2ACD39B00095BFA2 /* APIService.swift */; };
		11165CE02ACD3A470095BFA2 /* AlbumModels.swift in Sources */ = {isa = PBXBuildFile; fileRef = 11165CDF2ACD3A470095BFA2 /* AlbumModels.swift */; };
		11165CE22ACD3AE50095BFA2 /* HomeViewModel.swift in Sources */ = {isa = PBXBuildFile; fileRef = 11165CE12ACD3AE50095BFA2 /* HomeViewModel.swift */; };
		11165CE52ACD4E5B0095BFA2 /* CollectionViewDataSource.swift in Sources */ = {isa = PBXBuildFile; fileRef = 11165CE42ACD4E5B0095BFA2 /* CollectionViewDataSource.swift */; };
		11165CE72ACD506A0095BFA2 /* AlbumCollectionViewCell.swift in Sources */ = {isa = PBXBuildFile; fileRef = 11165CE62ACD506A0095BFA2 /* AlbumCollectionViewCell.swift */; };
		11165CE92ACDEE460095BFA2 /* AlbumContentCollectionViewCell.swift in Sources */ = {isa = PBXBuildFile; fileRef = 11165CE82ACDEE460095BFA2 /* AlbumContentCollectionViewCell.swift */; };
		4A661D8C1C16A9E888FA4D33 /* Pods_Album.framework in Frameworks */ = {isa = PBXBuildFile; fileRef = FE6B2C2386A8BD3330F62DA6 /* Pods_Album.framework */; };
/* End PBXBuildFile section */

/* Begin PBXFileReference section */
		11165CBF2ACD38150095BFA2 /* Album.app */ = {isa = PBXFileReference; explicitFileType = wrapper.application; includeInIndex = 0; path = Album.app; sourceTree = BUILT_PRODUCTS_DIR; };
		11165CC22ACD38150095BFA2 /* AppDelegate.swift */ = {isa = PBXFileReference; lastKnownFileType = sourcecode.swift; path = AppDelegate.swift; sourceTree = "<group>"; };
		11165CC42ACD38150095BFA2 /* SceneDelegate.swift */ = {isa = PBXFileReference; lastKnownFileType = sourcecode.swift; path = SceneDelegate.swift; sourceTree = "<group>"; };
		11165CC62ACD38150095BFA2 /* HomeViewController.swift */ = {isa = PBXFileReference; lastKnownFileType = sourcecode.swift; path = HomeViewController.swift; sourceTree = "<group>"; };
		11165CC92ACD38150095BFA2 /* Base */ = {isa = PBXFileReference; lastKnownFileType = file.storyboard; name = Base; path = Base.lproj/Main.storyboard; sourceTree = "<group>"; };
		11165CCB2ACD38160095BFA2 /* Assets.xcassets */ = {isa = PBXFileReference; lastKnownFileType = folder.assetcatalog; path = Assets.xcassets; sourceTree = "<group>"; };
		11165CCE2ACD38160095BFA2 /* Base */ = {isa = PBXFileReference; lastKnownFileType = file.storyboard; name = Base; path = Base.lproj/LaunchScreen.storyboard; sourceTree = "<group>"; };
		11165CD02ACD38160095BFA2 /* Info.plist */ = {isa = PBXFileReference; lastKnownFileType = text.plist.xml; path = Info.plist; sourceTree = "<group>"; };
		11165CDC2ACD39B00095BFA2 /* APIService.swift */ = {isa = PBXFileReference; lastKnownFileType = sourcecode.swift; path = APIService.swift; sourceTree = "<group>"; };
		11165CDF2ACD3A470095BFA2 /* AlbumModels.swift */ = {isa = PBXFileReference; lastKnownFileType = sourcecode.swift; path = AlbumModels.swift; sourceTree = "<group>"; };
		11165CE12ACD3AE50095BFA2 /* HomeViewModel.swift */ = {isa = PBXFileReference; lastKnownFileType = sourcecode.swift; path = HomeViewModel.swift; sourceTree = "<group>"; };
		11165CE42ACD4E5B0095BFA2 /* CollectionViewDataSource.swift */ = {isa = PBXFileReference; lastKnownFileType = sourcecode.swift; path = CollectionViewDataSource.swift; sourceTree = "<group>"; };
		11165CE62ACD506A0095BFA2 /* AlbumCollectionViewCell.swift */ = {isa = PBXFileReference; lastKnownFileType = sourcecode.swift; path = AlbumCollectionViewCell.swift; sourceTree = "<group>"; };
		11165CE82ACDEE460095BFA2 /* AlbumContentCollectionViewCell.swift */ = {isa = PBXFileReference; lastKnownFileType = sourcecode.swift; path = AlbumContentCollectionViewCell.swift; sourceTree = "<group>"; };
		56EF187196683F3FC04A51F7 /* Pods-Album.release.xcconfig */ = {isa = PBXFileReference; includeInIndex = 1; lastKnownFileType = text.xcconfig; name = "Pods-Album.release.xcconfig"; path = "Target Support Files/Pods-Album/Pods-Album.release.xcconfig"; sourceTree = "<group>"; };
		AD90DEDC59A0B349861BE708 /* Pods-Album.debug.xcconfig */ = {isa = PBXFileReference; includeInIndex = 1; lastKnownFileType = text.xcconfig; name = "Pods-Album.debug.xcconfig"; path = "Target Support Files/Pods-Album/Pods-Album.debug.xcconfig"; sourceTree = "<group>"; };
		FE6B2C2386A8BD3330F62DA6 /* Pods_Album.framework */ = {isa = PBXFileReference; explicitFileType = wrapper.framework; includeInIndex = 0; path = Pods_Album.framework; sourceTree = BUILT_PRODUCTS_DIR; };
/* End PBXFileReference section */

/* Begin PBXFrameworksBuildPhase section */
		11165CBC2ACD38150095BFA2 /* Frameworks */ = {
			isa = PBXFrameworksBuildPhase;
			buildActionMask = 2147483647;
			files = (
				4A661D8C1C16A9E888FA4D33 /* Pods_Album.framework in Frameworks */,
			);
			runOnlyForDeploymentPostprocessing = 0;
		};
/* End PBXFrameworksBuildPhase section */

/* Begin PBXGroup section */
		11165CB62ACD38150095BFA2 = {
			isa = PBXGroup;
			children = (
				11165CC12ACD38150095BFA2 /* Album */,
				11165CC02ACD38150095BFA2 /* Products */,
				DE208B203AC4B4B292217F29 /* Pods */,
				5C5E26F0C0E4DB6BAFDB4F06 /* Frameworks */,
			);
			sourceTree = "<group>";
		};
		11165CC02ACD38150095BFA2 /* Products */ = {
			isa = PBXGroup;
			children = (
				11165CBF2ACD38150095BFA2 /* Album.app */,
			);
			name = Products;
			sourceTree = "<group>";
		};
		11165CC12ACD38150095BFA2 /* Album */ = {
			isa = PBXGroup;
			children = (
				11165CD72ACD38D30095BFA2 /* Common */,
				11165CD62ACD38AE0095BFA2 /* WebService */,
				11165CDB2ACD39780095BFA2 /* Data+Models */,
				11165CDE2ACD39C00095BFA2 /* ViewModels */,
				11165CDA2ACD393E0095BFA2 /* Controllers */,
				11165CC82ACD38150095BFA2 /* Main.storyboard */,
				11165CCB2ACD38160095BFA2 /* Assets.xcassets */,
				11165CCD2ACD38160095BFA2 /* LaunchScreen.storyboard */,
				11165CD02ACD38160095BFA2 /* Info.plist */,
			);
			path = Album;
			sourceTree = "<group>";
		};
		11165CD62ACD38AE0095BFA2 /* WebService */ = {
			isa = PBXGroup;
			children = (
				11165CDC2ACD39B00095BFA2 /* APIService.swift */,
			);
			path = WebService;
			sourceTree = "<group>";
		};
		11165CD72ACD38D30095BFA2 /* Common */ = {
			isa = PBXGroup;
			children = (
				11165CC22ACD38150095BFA2 /* AppDelegate.swift */,
				11165CC42ACD38150095BFA2 /* SceneDelegate.swift */,
			);
			path = Common;
			sourceTree = "<group>";
		};
		11165CDA2ACD393E0095BFA2 /* Controllers */ = {
			isa = PBXGroup;
			children = (
				11165CC62ACD38150095BFA2 /* HomeViewController.swift */,
			);
			path = Controllers;
			sourceTree = "<group>";
		};
		11165CDB2ACD39780095BFA2 /* Data+Models */ = {
			isa = PBXGroup;
			children = (
				11165CDF2ACD3A470095BFA2 /* AlbumModels.swift */,
				11165CE42ACD4E5B0095BFA2 /* CollectionViewDataSource.swift */,
				11165CE62ACD506A0095BFA2 /* AlbumCollectionViewCell.swift */,
				11165CE82ACDEE460095BFA2 /* AlbumContentCollectionViewCell.swift */,
			);
			path = "Data+Models";
			sourceTree = "<group>";
		};
		11165CDE2ACD39C00095BFA2 /* ViewModels */ = {
			isa = PBXGroup;
			children = (
				11165CE12ACD3AE50095BFA2 /* HomeViewModel.swift */,
			);
			path = ViewModels;
			sourceTree = "<group>";
		};
		5C5E26F0C0E4DB6BAFDB4F06 /* Frameworks */ = {
			isa = PBXGroup;
			children = (
				FE6B2C2386A8BD3330F62DA6 /* Pods_Album.framework */,
			);
			name = Frameworks;
			sourceTree = "<group>";
		};
		DE208B203AC4B4B292217F29 /* Pods */ = {
			isa = PBXGroup;
			children = (
				AD90DEDC59A0B349861BE708 /* Pods-Album.debug.xcconfig */,
				56EF187196683F3FC04A51F7 /* Pods-Album.release.xcconfig */,
			);
			path = Pods;
			sourceTree = "<group>";
		};
/* End PBXGroup section */

/* Begin PBXNativeTarget section */
		11165CBE2ACD38150095BFA2 /* Album */ = {
			isa = PBXNativeTarget;
			buildConfigurationList = 11165CD32ACD38160095BFA2 /* Build configuration list for PBXNativeTarget "Album" */;
			buildPhases = (
				FB58BAB3966037D941A45054 /* [CP] Check Pods Manifest.lock */,
				11165CBB2ACD38150095BFA2 /* Sources */,
				11165CBC2ACD38150095BFA2 /* Frameworks */,
				11165CBD2ACD38150095BFA2 /* Resources */,
				7772947AB538F2B5FAAA9E91 /* [CP] Embed Pods Frameworks */,
			);
			buildRules = (
			);
			dependencies = (
			);
			name = Album;
			productName = Album;
			productReference = 11165CBF2ACD38150095BFA2 /* Album.app */;
			productType = "com.apple.product-type.application";
		};
/* End PBXNativeTarget section */

/* Begin PBXProject section */
		11165CB72ACD38150095BFA2 /* Project object */ = {
			isa = PBXProject;
			attributes = {
				BuildIndependentTargetsInParallel = 1;
				LastSwiftUpdateCheck = 1500;
				LastUpgradeCheck = 1500;
				TargetAttributes = {
					11165CBE2ACD38150095BFA2 = {
						CreatedOnToolsVersion = 15.0;
					};
				};
			};
			buildConfigurationList = 11165CBA2ACD38150095BFA2 /* Build configuration list for PBXProject "Album" */;
			compatibilityVersion = "Xcode 14.0";
			developmentRegion = en;
			hasScannedForEncodings = 0;
			knownRegions = (
				en,
				Base,
			);
			mainGroup = 11165CB62ACD38150095BFA2;
			productRefGroup = 11165CC02ACD38150095BFA2 /* Products */;
			projectDirPath = "";
			projectRoot = "";
			targets = (
				11165CBE2ACD38150095BFA2 /* Album */,
			);
		};
/* End PBXProject section */

/* Begin PBXResourcesBuildPhase section */
		11165CBD2ACD38150095BFA2 /* Resources */ = {
			isa = PBXResourcesBuildPhase;
			buildActionMask = 2147483647;
			files = (
				11165CCF2ACD38160095BFA2 /* LaunchScreen.storyboard in Resources */,
				11165CCC2ACD38160095BFA2 /* Assets.xcassets in Resources */,
				11165CCA2ACD38150095BFA2 /* Main.storyboard in Resources */,
			);
			runOnlyForDeploymentPostprocessing = 0;
		};
/* End PBXResourcesBuildPhase section */

/* Begin PBXShellScriptBuildPhase section */
		7772947AB538F2B5FAAA9E91 /* [CP] Embed Pods Frameworks */ = {
			isa = PBXShellScriptBuildPhase;
			buildActionMask = 2147483647;
			files = (
			);
			inputFileListPaths = (
				"${PODS_ROOT}/Target Support Files/Pods-Album/Pods-Album-frameworks-${CONFIGURATION}-input-files.xcfilelist",
			);
			name = "[CP] Embed Pods Frameworks";
			outputFileListPaths = (
				"${PODS_ROOT}/Target Support Files/Pods-Album/Pods-Album-frameworks-${CONFIGURATION}-output-files.xcfilelist",
			);
			runOnlyForDeploymentPostprocessing = 0;
			shellPath = /bin/sh;
			shellScript = "\"${PODS_ROOT}/Target Support Files/Pods-Album/Pods-Album-frameworks.sh\"\n";
			showEnvVarsInLog = 0;
		};
		FB58BAB3966037D941A45054 /* [CP] Check Pods Manifest.lock */ = {
			isa = PBXShellScriptBuildPhase;
			buildActionMask = 2147483647;
			files = (
			);
			inputFileListPaths = (
			);
			inputPaths = (
				"${PODS_PODFILE_DIR_PATH}/Podfile.lock",
				"${PODS_ROOT}/Manifest.lock",
			);
			name = "[CP] Check Pods Manifest.lock";
			outputFileListPaths = (
			);
			outputPaths = (
				"$(DERIVED_FILE_DIR)/Pods-Album-checkManifestLockResult.txt",
			);
			runOnlyForDeploymentPostprocessing = 0;
			shellPath = /bin/sh;
			shellScript = "diff \"${PODS_PODFILE_DIR_PATH}/Podfile.lock\" \"${PODS_ROOT}/Manifest.lock\" > /dev/null\nif [ $? != 0 ] ; then\n    # print error to STDERR\n    echo \"error: The sandbox is not in sync with the Podfile.lock. Run 'pod install' or update your CocoaPods installation.\" >&2\n    exit 1\nfi\n# This output is used by Xcode 'outputs' to avoid re-running this script phase.\necho \"SUCCESS\" > \"${SCRIPT_OUTPUT_FILE_0}\"\n";
			showEnvVarsInLog = 0;
		};
/* End PBXShellScriptBuildPhase section */

/* Begin PBXSourcesBuildPhase section */
		11165CBB2ACD38150095BFA2 /* Sources */ = {
			isa = PBXSourcesBuildPhase;
			buildActionMask = 2147483647;
			files = (
				11165CE72ACD506A0095BFA2 /* AlbumCollectionViewCell.swift in Sources */,
				11165CC72ACD38150095BFA2 /* HomeViewController.swift in Sources */,
				11165CE22ACD3AE50095BFA2 /* HomeViewModel.swift in Sources */,
				11165CC32ACD38150095BFA2 /* AppDelegate.swift in Sources */,
				11165CDD2ACD39B00095BFA2 /* APIService.swift in Sources */,
				11165CE92ACDEE460095BFA2 /* AlbumContentCollectionViewCell.swift in Sources */,
				11165CC52ACD38150095BFA2 /* SceneDelegate.swift in Sources */,
				11165CE02ACD3A470095BFA2 /* AlbumModels.swift in Sources */,
				11165CE52ACD4E5B0095BFA2 /* CollectionViewDataSource.swift in Sources */,
			);
			runOnlyForDeploymentPostprocessing = 0;
		};
/* End PBXSourcesBuildPhase section */

/* Begin PBXVariantGroup section */
		11165CC82ACD38150095BFA2 /* Main.storyboard */ = {
			isa = PBXVariantGroup;
			children = (
				11165CC92ACD38150095BFA2 /* Base */,
			);
			name = Main.storyboard;
			sourceTree = "<group>";
		};
		11165CCD2ACD38160095BFA2 /* LaunchScreen.storyboard */ = {
			isa = PBXVariantGroup;
			children = (
				11165CCE2ACD38160095BFA2 /* Base */,
			);
			name = LaunchScreen.storyboard;
			sourceTree = "<group>";
		};
/* End PBXVariantGroup section */

/* Begin XCBuildConfiguration section */
		11165CD12ACD38160095BFA2 /* Debug */ = {
			isa = XCBuildConfiguration;
			buildSettings = {
				ALWAYS_SEARCH_USER_PATHS = NO;
				ASSETCATALOG_COMPILER_GENERATE_SWIFT_ASSET_SYMBOL_EXTENSIONS = YES;
				CLANG_ANALYZER_NONNULL = YES;
				CLANG_ANALYZER_NUMBER_OBJECT_CONVERSION = YES_AGGRESSIVE;
				CLANG_CXX_LANGUAGE_STANDARD = "gnu++20";
				CLANG_ENABLE_MODULES = YES;
				CLANG_ENABLE_OBJC_ARC = YES;
				CLANG_ENABLE_OBJC_WEAK = YES;
				CLANG_WARN_BLOCK_CAPTURE_AUTORELEASING = YES;
				CLANG_WARN_BOOL_CONVERSION = YES;
				CLANG_WARN_COMMA = YES;
				CLANG_WARN_CONSTANT_CONVERSION = YES;
				CLANG_WARN_DEPRECATED_OBJC_IMPLEMENTATIONS = YES;
				CLANG_WARN_DIRECT_OBJC_ISA_USAGE = YES_ERROR;
				CLANG_WARN_DOCUMENTATION_COMMENTS = YES;
				CLANG_WARN_EMPTY_BODY = YES;
				CLANG_WARN_ENUM_CONVERSION = YES;
				CLANG_WARN_INFINITE_RECURSION = YES;
				CLANG_WARN_INT_CONVERSION = YES;
				CLANG_WARN_NON_LITERAL_NULL_CONVERSION = YES;
				CLANG_WARN_OBJC_IMPLICIT_RETAIN_SELF = YES;
				CLANG_WARN_OBJC_LITERAL_CONVERSION = YES;
				CLANG_WARN_OBJC_ROOT_CLASS = YES_ERROR;
				CLANG_WARN_QUOTED_INCLUDE_IN_FRAMEWORK_HEADER = YES;
				CLANG_WARN_RANGE_LOOP_ANALYSIS = YES;
				CLANG_WARN_STRICT_PROTOTYPES = YES;
				CLANG_WARN_SUSPICIOUS_MOVE = YES;
				CLANG_WARN_UNGUARDED_AVAILABILITY = YES_AGGRESSIVE;
				CLANG_WARN_UNREACHABLE_CODE = YES;
				CLANG_WARN__DUPLICATE_METHOD_MATCH = YES;
				COPY_PHASE_STRIP = NO;
				DEBUG_INFORMATION_FORMAT = dwarf;
				ENABLE_STRICT_OBJC_MSGSEND = YES;
				ENABLE_TESTABILITY = YES;
				ENABLE_USER_SCRIPT_SANDBOXING = YES;
				GCC_C_LANGUAGE_STANDARD = gnu17;
				GCC_DYNAMIC_NO_PIC = NO;
				GCC_NO_COMMON_BLOCKS = YES;
				GCC_OPTIMIZATION_LEVEL = 0;
				GCC_PREPROCESSOR_DEFINITIONS = (
					"DEBUG=1",
					"$(inherited)",
				);
				GCC_WARN_64_TO_32_BIT_CONVERSION = YES;
				GCC_WARN_ABOUT_RETURN_TYPE = YES_ERROR;
				GCC_WARN_UNDECLARED_SELECTOR = YES;
				GCC_WARN_UNINITIALIZED_AUTOS = YES_AGGRESSIVE;
				GCC_WARN_UNUSED_FUNCTION = YES;
				GCC_WARN_UNUSED_VARIABLE = YES;
				IPHONEOS_DEPLOYMENT_TARGET = 17.0;
				LOCALIZATION_PREFERS_STRING_CATALOGS = YES;
				MTL_ENABLE_DEBUG_INFO = INCLUDE_SOURCE;
				MTL_FAST_MATH = YES;
				ONLY_ACTIVE_ARCH = YES;
				SDKROOT = iphoneos;
				SWIFT_ACTIVE_COMPILATION_CONDITIONS = "DEBUG $(inherited)";
				SWIFT_OPTIMIZATION_LEVEL = "-Onone";
			};
			name = Debug;
		};
		11165CD22ACD38160095BFA2 /* Release */ = {
			isa = XCBuildConfiguration;
			buildSettings = {
				ALWAYS_SEARCH_USER_PATHS = NO;
				ASSETCATALOG_COMPILER_GENERATE_SWIFT_ASSET_SYMBOL_EXTENSIONS = YES;
				CLANG_ANALYZER_NONNULL = YES;
				CLANG_ANALYZER_NUMBER_OBJECT_CONVERSION = YES_AGGRESSIVE;
				CLANG_CXX_LANGUAGE_STANDARD = "gnu++20";
				CLANG_ENABLE_MODULES = YES;
				CLANG_ENABLE_OBJC_ARC = YES;
				CLANG_ENABLE_OBJC_WEAK = YES;
				CLANG_WARN_BLOCK_CAPTURE_AUTORELEASING = YES;
				CLANG_WARN_BOOL_CONVERSION = YES;
				CLANG_WARN_COMMA = YES;
				CLANG_WARN_CONSTANT_CONVERSION = YES;
				CLANG_WARN_DEPRECATED_OBJC_IMPLEMENTATIONS = YES;
				CLANG_WARN_DIRECT_OBJC_ISA_USAGE = YES_ERROR;
				CLANG_WARN_DOCUMENTATION_COMMENTS = YES;
				CLANG_WARN_EMPTY_BODY = YES;
				CLANG_WARN_ENUM_CONVERSION = YES;
				CLANG_WARN_INFINITE_RECURSION = YES;
				CLANG_WARN_INT_CONVERSION = YES;
				CLANG_WARN_NON_LITERAL_NULL_CONVERSION = YES;
				CLANG_WARN_OBJC_IMPLICIT_RETAIN_SELF = YES;
				CLANG_WARN_OBJC_LITERAL_CONVERSION = YES;
				CLANG_WARN_OBJC_ROOT_CLASS = YES_ERROR;
				CLANG_WARN_QUOTED_INCLUDE_IN_FRAMEWORK_HEADER = YES;
				CLANG_WARN_RANGE_LOOP_ANALYSIS = YES;
				CLANG_WARN_STRICT_PROTOTYPES = YES;
				CLANG_WARN_SUSPICIOUS_MOVE = YES;
				CLANG_WARN_UNGUARDED_AVAILABILITY = YES_AGGRESSIVE;
				CLANG_WARN_UNREACHABLE_CODE = YES;
				CLANG_WARN__DUPLICATE_METHOD_MATCH = YES;
				COPY_PHASE_STRIP = NO;
				DEBUG_INFORMATION_FORMAT = "dwarf-with-dsym";
				ENABLE_NS_ASSERTIONS = NO;
				ENABLE_STRICT_OBJC_MSGSEND = YES;
				ENABLE_USER_SCRIPT_SANDBOXING = YES;
				GCC_C_LANGUAGE_STANDARD = gnu17;
				GCC_NO_COMMON_BLOCKS = YES;
				GCC_WARN_64_TO_32_BIT_CONVERSION = YES;
				GCC_WARN_ABOUT_RETURN_TYPE = YES_ERROR;
				GCC_WARN_UNDECLARED_SELECTOR = YES;
				GCC_WARN_UNINITIALIZED_AUTOS = YES_AGGRESSIVE;
				GCC_WARN_UNUSED_FUNCTION = YES;
				GCC_WARN_UNUSED_VARIABLE = YES;
				IPHONEOS_DEPLOYMENT_TARGET = 17.0;
				LOCALIZATION_PREFERS_STRING_CATALOGS = YES;
				MTL_ENABLE_DEBUG_INFO = NO;
				MTL_FAST_MATH = YES;
				SDKROOT = iphoneos;
				SWIFT_COMPILATION_MODE = wholemodule;
				VALIDATE_PRODUCT = YES;
			};
			name = Release;
		};
		11165CD42ACD38160095BFA2 /* Debug */ = {
			isa = XCBuildConfiguration;
			baseConfigurationReference = AD90DEDC59A0B349861BE708 /* Pods-Album.debug.xcconfig */;
			buildSettings = {
				ASSETCATALOG_COMPILER_APPICON_NAME = AppIcon;
				ASSETCATALOG_COMPILER_GLOBAL_ACCENT_COLOR_NAME = AccentColor;
				CODE_SIGN_STYLE = Automatic;
				CURRENT_PROJECT_VERSION = 1;
				DEVELOPMENT_TEAM = 7FR7T98PVQ;
				ENABLE_USER_SCRIPT_SANDBOXING = NO;
				GENERATE_INFOPLIST_FILE = YES;
				INFOPLIST_FILE = Album/Info.plist;
				INFOPLIST_KEY_LSApplicationCategoryType = "public.app-category.entertainment";
				INFOPLIST_KEY_UIApplicationSupportsIndirectInputEvents = YES;
				INFOPLIST_KEY_UILaunchStoryboardName = LaunchScreen;
				INFOPLIST_KEY_UIMainStoryboardFile = Main;
				INFOPLIST_KEY_UISupportedInterfaceOrientations = UIInterfaceOrientationPortrait;
				INFOPLIST_KEY_UISupportedInterfaceOrientations_iPad = "UIInterfaceOrientationLandscapeLeft UIInterfaceOrientationLandscapeRight UIInterfaceOrientationPortrait UIInterfaceOrientationPortraitUpsideDown";
				IPHONEOS_DEPLOYMENT_TARGET = 17.0;
				LD_RUNPATH_SEARCH_PATHS = (
					"$(inherited)",
					"@executable_path/Frameworks",
				);
				MARKETING_VERSION = 1.0;
				PRODUCT_BUNDLE_IDENTIFIER = com.arindam.Album;
				PRODUCT_NAME = "$(TARGET_NAME)";
				SUPPORTED_PLATFORMS = "iphoneos iphonesimulator";
				SUPPORTS_MACCATALYST = NO;
				SUPPORTS_MAC_DESIGNED_FOR_IPHONE_IPAD = NO;
				SWIFT_EMIT_LOC_STRINGS = YES;
				SWIFT_VERSION = 5.0;
				TARGETED_DEVICE_FAMILY = 1;
			};
			name = Debug;
		};
		11165CD52ACD38160095BFA2 /* Release */ = {
			isa = XCBuildConfiguration;
			baseConfigurationReference = 56EF187196683F3FC04A51F7 /* Pods-Album.release.xcconfig */;
			buildSettings = {
				ASSETCATALOG_COMPILER_APPICON_NAME = AppIcon;
				ASSETCATALOG_COMPILER_GLOBAL_ACCENT_COLOR_NAME = AccentColor;
				CODE_SIGN_STYLE = Automatic;
				CURRENT_PROJECT_VERSION = 1;
				DEVELOPMENT_TEAM = 7FR7T98PVQ;
				ENABLE_USER_SCRIPT_SANDBOXING = NO;
				GENERATE_INFOPLIST_FILE = YES;
				INFOPLIST_FILE = Album/Info.plist;
				INFOPLIST_KEY_LSApplicationCategoryType = "public.app-category.entertainment";
				INFOPLIST_KEY_UIApplicationSupportsIndirectInputEvents = YES;
				INFOPLIST_KEY_UILaunchStoryboardName = LaunchScreen;
				INFOPLIST_KEY_UIMainStoryboardFile = Main;
				INFOPLIST_KEY_UISupportedInterfaceOrientations = UIInterfaceOrientationPortrait;
				INFOPLIST_KEY_UISupportedInterfaceOrientations_iPad = "UIInterfaceOrientationLandscapeLeft UIInterfaceOrientationLandscapeRight UIInterfaceOrientationPortrait UIInterfaceOrientationPortraitUpsideDown";
				IPHONEOS_DEPLOYMENT_TARGET = 17.0;
				LD_RUNPATH_SEARCH_PATHS = (
					"$(inherited)",
					"@executable_path/Frameworks",
				);
				MARKETING_VERSION = 1.0;
				PRODUCT_BUNDLE_IDENTIFIER = com.arindam.Album;
				PRODUCT_NAME = "$(TARGET_NAME)";
				SUPPORTED_PLATFORMS = "iphoneos iphonesimulator";
				SUPPORTS_MACCATALYST = NO;
				SUPPORTS_MAC_DESIGNED_FOR_IPHONE_IPAD = NO;
				SWIFT_EMIT_LOC_STRINGS = YES;
				SWIFT_VERSION = 5.0;
				TARGETED_DEVICE_FAMILY = 1;
			};
			name = Release;
		};
/* End XCBuildConfiguration section */

/* Begin XCConfigurationList section */
		11165CBA2ACD38150095BFA2 /* Build configuration list for PBXProject "Album" */ = {
			isa = XCConfigurationList;
			buildConfigurations = (
				11165CD12ACD38160095BFA2 /* Debug */,
				11165CD22ACD38160095BFA2 /* Release */,
			);
			defaultConfigurationIsVisible = 0;
			defaultConfigurationName = Release;
		};
		11165CD32ACD38160095BFA2 /* Build configuration list for PBXNativeTarget "Album" */ = {
			isa = XCConfigurationList;
			buildConfigurations = (
				11165CD42ACD38160095BFA2 /* Debug */,
				11165CD52ACD38160095BFA2 /* Release */,
			);
			defaultConfigurationIsVisible = 0;
			defaultConfigurationName = Release;
		};
/* End XCConfigurationList section */
	};
	rootObject = 11165CB72ACD38150095BFA2 /* Project object */;
}
